<?xml version="1.0" encoding="utf-8"?>
<Project ToolsVersion="4.0" xmlns="http://schemas.microsoft.com/developer/msbuild/2003">
  <ItemGroup>
    <ClCompile Include="..\..\src\app-main.cpp" />
    <ClCompile Include="..\..\src\app-plugins.cpp" />
  </ItemGroup>
  <ItemGroup>
    <ClInclude Include="..\..\src\app-plugins.h" />
    <ClInclude Include="..\..\src\app-plugins-dic.h" />
    <ClInclude Include="..\..\src\app-logs.h" />
  </ItemGroup>
</Project>